
Microsoft Visual Studio Solution File, Format Version 12.00
# Visual Studio Version 16
VisualStudioVersion = 16.0.31229.75
MinimumVisualStudioVersion = 10.0.40219.1
Project("{FAE04EC0-301F-11D3-BF4B-00C04F79EFBC}") = "Task_2", "Task_2.csproj", "{345D5AB8-0441-42C7-B2DF-ED2855366129}"
EndProject
Global
	GlobalSection(SolutionConfigurationPlatforms) = preSolution
		Debug|Any CPU = Debug|Any CPU
		Release|Any CPU = Release|Any CPU
	EndGlobalSection
	GlobalSection(ProjectConfigurationPlatforms) = postSolution
		{345D5AB8-0441-42C7-B2DF-ED2855366129}.Debug|Any CPU.ActiveCfg = Debug|Any CPU
		{345D5AB8-0441-42C7-B2DF-ED2855366129}.Debug|Any CPU.Build.0 = Debug|Any CPU
		{345D5AB8-0441-42C7-B2DF-ED2855366129}.Release|Any CPU.ActiveCfg = Release|Any CPU
		{345D5AB8-0441-42C7-B2DF-ED2855366129}.Release|Any CPU.Build.0 = Release|Any CPU
	EndGlobalSection
	GlobalSection(SolutionProperties) = preSolution
		HideSolutionNode = FALSE
	EndGlobalSection
	GlobalSection(ExtensibilityGlobals) = postSolution
		SolutionGuid = {07E5582E-5AD2-49B7-8F08-0A21B19DEE83}
	EndGlobalSection
EndGlobal
