
Microsoft Visual Studio Solution File, Format Version 12.00
# Visual Studio Version 16
VisualStudioVersion = 16.0.31005.135
MinimumVisualStudioVersion = 10.0.40219.1
Project("{FAE04EC0-301F-11D3-BF4B-00C04F79EFBC}") = "Task_2", "Task_2.csproj", "{368F2DC8-0424-4295-AB47-6D95D49A7912}"
EndProject
Global
	GlobalSection(SolutionConfigurationPlatforms) = preSolution
		Debug|Any CPU = Debug|Any CPU
		Release|Any CPU = Release|Any CPU
	EndGlobalSection
	GlobalSection(ProjectConfigurationPlatforms) = postSolution
		{368F2DC8-0424-4295-AB47-6D95D49A7912}.Debug|Any CPU.ActiveCfg = Debug|Any CPU
		{368F2DC8-0424-4295-AB47-6D95D49A7912}.Debug|Any CPU.Build.0 = Debug|Any CPU
		{368F2DC8-0424-4295-AB47-6D95D49A7912}.Release|Any CPU.ActiveCfg = Release|Any CPU
		{368F2DC8-0424-4295-AB47-6D95D49A7912}.Release|Any CPU.Build.0 = Release|Any CPU
	EndGlobalSection
	GlobalSection(SolutionProperties) = preSolution
		HideSolutionNode = FALSE
	EndGlobalSection
	GlobalSection(ExtensibilityGlobals) = postSolution
		SolutionGuid = {3362975E-7B1F-49CB-9632-5E9B5E7506AB}
	EndGlobalSection
EndGlobal
